
Microsoft Visual Studio Solution File, Format Version 12.00
# Visual Studio 2013
VisualStudioVersion = 12.0.31101.0
MinimumVisualStudioVersion = 10.0.40219.1
Project("{2150E333-8FDC-42A3-9474-1A3956D46DE8}") = ".nuget", ".nuget", "{8879677A-EB1E-4B90-A1F5-280B6E04D860}"
	ProjectSection(SolutionItems) = preProject
		.nuget\NuGet.Config = .nuget\NuGet.Config
		.nuget\NuGet.exe = .nuget\NuGet.exe
		.nuget\NuGet.targets = .nuget\NuGet.targets
	EndProjectSection
EndProject
Project("{FAE04EC0-301F-11D3-BF4B-00C04F79EFBC}") = "PeteJokes.Web", "PeteJokes.Web\PeteJokes.Web.csproj", "{51F76DAF-E551-49B0-BFF4-E06F488ECB38}"
EndProject
Project("{FAE04EC0-301F-11D3-BF4B-00C04F79EFBC}") = "PeteJokes", "PeteJokes\PeteJokes.csproj", "{14B95D7F-B90F-49DD-A395-7A8E7829A58E}"
EndProject
Project("{2150E333-8FDC-42A3-9474-1A3956D46DE8}") = "Solution Items", "Solution Items", "{C59F4191-44B5-4D22-89F9-A8A16DC03586}"
	ProjectSection(SolutionItems) = preProject
		.gitignore = .gitignore
	EndProjectSection
EndProject
Project("{FAE04EC0-301F-11D3-BF4B-00C04F79EFBC}") = "PeteJokes.Database", "PeteJokes.Database\PeteJokes.Database.csproj", "{FD5EA8DB-DEB3-47E6-B9B6-87B37B642ED3}"
EndProject
Global
	GlobalSection(SolutionConfigurationPlatforms) = preSolution
		Debug|Any CPU = Debug|Any CPU
		Release|Any CPU = Release|Any CPU
	EndGlobalSection
	GlobalSection(ProjectConfigurationPlatforms) = postSolution
		{51F76DAF-E551-49B0-BFF4-E06F488ECB38}.Debug|Any CPU.ActiveCfg = Debug|Any CPU
		{51F76DAF-E551-49B0-BFF4-E06F488ECB38}.Debug|Any CPU.Build.0 = Debug|Any CPU
		{51F76DAF-E551-49B0-BFF4-E06F488ECB38}.Release|Any CPU.ActiveCfg = Release|Any CPU
		{51F76DAF-E551-49B0-BFF4-E06F488ECB38}.Release|Any CPU.Build.0 = Release|Any CPU
		{14B95D7F-B90F-49DD-A395-7A8E7829A58E}.Debug|Any CPU.ActiveCfg = Debug|Any CPU
		{14B95D7F-B90F-49DD-A395-7A8E7829A58E}.Debug|Any CPU.Build.0 = Debug|Any CPU
		{14B95D7F-B90F-49DD-A395-7A8E7829A58E}.Release|Any CPU.ActiveCfg = Release|Any CPU
		{14B95D7F-B90F-49DD-A395-7A8E7829A58E}.Release|Any CPU.Build.0 = Release|Any CPU
		{FD5EA8DB-DEB3-47E6-B9B6-87B37B642ED3}.Debug|Any CPU.ActiveCfg = Debug|Any CPU
		{FD5EA8DB-DEB3-47E6-B9B6-87B37B642ED3}.Debug|Any CPU.Build.0 = Debug|Any CPU
		{FD5EA8DB-DEB3-47E6-B9B6-87B37B642ED3}.Release|Any CPU.ActiveCfg = Release|Any CPU
		{FD5EA8DB-DEB3-47E6-B9B6-87B37B642ED3}.Release|Any CPU.Build.0 = Release|Any CPU
	EndGlobalSection
	GlobalSection(SolutionProperties) = preSolution
		HideSolutionNode = FALSE
	EndGlobalSection
EndGlobal
